
Microsoft Visual Studio Solution File, Format Version 12.00
# Visual Studio Version 17
VisualStudioVersion = 17.3.32922.545
MinimumVisualStudioVersion = 10.0.40219.1
Project("{FAE04EC0-301F-11D3-BF4B-00C04F79EFBC}") = "CadeteriaWeb", "CadeteriaWeb\CadeteriaWeb.csproj", "{A16B89DF-BF1E-405D-B275-4B64A4411021}"
EndProject
Global
	GlobalSection(SolutionConfigurationPlatforms) = preSolution
		Debug|Any CPU = Debug|Any CPU
		Release|Any CPU = Release|Any CPU
	EndGlobalSection
	GlobalSection(ProjectConfigurationPlatforms) = postSolution
		{A16B89DF-BF1E-405D-B275-4B64A4411021}.Debug|Any CPU.ActiveCfg = Debug|Any CPU
		{A16B89DF-BF1E-405D-B275-4B64A4411021}.Debug|Any CPU.Build.0 = Debug|Any CPU
		{A16B89DF-BF1E-405D-B275-4B64A4411021}.Release|Any CPU.ActiveCfg = Release|Any CPU
		{A16B89DF-BF1E-405D-B275-4B64A4411021}.Release|Any CPU.Build.0 = Release|Any CPU
	EndGlobalSection
	GlobalSection(SolutionProperties) = preSolution
		HideSolutionNode = FALSE
	EndGlobalSection
	GlobalSection(ExtensibilityGlobals) = postSolution
		SolutionGuid = {8A4C7FEF-BC9B-4F65-8E04-33D4AC4E0F41}
	EndGlobalSection
EndGlobal
